
Microsoft Visual Studio Solution File, Format Version 12.00
# Visual Studio Version 17
VisualStudioVersion = 17.10.35027.167
MinimumVisualStudioVersion = 10.0.40219.1
Project("{9A19103F-16F7-4668-BE54-9A1E7A4F7556}") = "veja se o numero é par", "veja se o numero é par.csproj", "{15F98A18-1E8F-4B1B-8477-8E42384BF853}"
EndProject
Global
	GlobalSection(SolutionConfigurationPlatforms) = preSolution
		Debug|Any CPU = Debug|Any CPU
		Release|Any CPU = Release|Any CPU
	EndGlobalSection
	GlobalSection(ProjectConfigurationPlatforms) = postSolution
		{15F98A18-1E8F-4B1B-8477-8E42384BF853}.Debug|Any CPU.ActiveCfg = Debug|Any CPU
		{15F98A18-1E8F-4B1B-8477-8E42384BF853}.Debug|Any CPU.Build.0 = Debug|Any CPU
		{15F98A18-1E8F-4B1B-8477-8E42384BF853}.Release|Any CPU.ActiveCfg = Release|Any CPU
		{15F98A18-1E8F-4B1B-8477-8E42384BF853}.Release|Any CPU.Build.0 = Release|Any CPU
	EndGlobalSection
	GlobalSection(SolutionProperties) = preSolution
		HideSolutionNode = FALSE
	EndGlobalSection
	GlobalSection(ExtensibilityGlobals) = postSolution
		SolutionGuid = {EF03E5E6-9782-4B08-8F67-6AC1683B8874}
	EndGlobalSection
EndGlobal
